# This file is automatically @generated by Poetry 1.5.0 and should not be changed by hand.

[[package]]
name = "future"
version = "0.18.3"
description = "Clean single-source support for Python 3 and 2"
optional = false
python-versions = ">=2.6, !=3.0.*, !=3.1.*, !=3.2.*"
files = [
    {file = "future-0.18.3.tar.gz", hash = "sha256:34a17436ed1e96697a86f9de3d15a3b0be01d8bc8de9c1dffd59fb8234ed5307"},
]

[metadata]
lock-version = "2.0"
python-versions = "^3.7"
content-hash = "c4520eafd9fdaf8a96bcab6eceb27bb2077084b25dbad62b581164e59c1da7c0"
